
Microsoft Visual Studio Solution File, Format Version 12.00
# Visual Studio Version 16
VisualStudioVersion = 16.0.32228.343
MinimumVisualStudioVersion = 10.0.40219.1
Project("{FAE04EC0-301F-11D3-BF4B-00C04F79EFBC}") = "WpfAppCanvas", "WpfAppCanvas\WpfAppCanvas.csproj", "{7DFE2D5C-A9D7-4F28-B03C-A1C72EAECBFD}"
EndProject
Global
	GlobalSection(SolutionConfigurationPlatforms) = preSolution
		Debug|Any CPU = Debug|Any CPU
		Release|Any CPU = Release|Any CPU
	EndGlobalSection
	GlobalSection(ProjectConfigurationPlatforms) = postSolution
		{7DFE2D5C-A9D7-4F28-B03C-A1C72EAECBFD}.Debug|Any CPU.ActiveCfg = Debug|Any CPU
		{7DFE2D5C-A9D7-4F28-B03C-A1C72EAECBFD}.Debug|Any CPU.Build.0 = Debug|Any CPU
		{7DFE2D5C-A9D7-4F28-B03C-A1C72EAECBFD}.Release|Any CPU.ActiveCfg = Release|Any CPU
		{7DFE2D5C-A9D7-4F28-B03C-A1C72EAECBFD}.Release|Any CPU.Build.0 = Release|Any CPU
	EndGlobalSection
	GlobalSection(SolutionProperties) = preSolution
		HideSolutionNode = FALSE
	EndGlobalSection
	GlobalSection(ExtensibilityGlobals) = postSolution
		SolutionGuid = {412A95C9-EBC6-414A-B424-72D8400F9192}
	EndGlobalSection
EndGlobal
