
Microsoft Visual Studio Solution File, Format Version 12.00
# Visual Studio Version 16
VisualStudioVersion = 16.0.32228.343
MinimumVisualStudioVersion = 10.0.40219.1
Project("{FAE04EC0-301F-11D3-BF4B-00C04F79EFBC}") = "WpfAppOxyPlot", "WpfAppOxyPlot\WpfAppOxyPlot.csproj", "{86274DF1-3C7A-43BB-96D6-8C16D6522080}"
EndProject
Global
	GlobalSection(SolutionConfigurationPlatforms) = preSolution
		Debug|Any CPU = Debug|Any CPU
		Release|Any CPU = Release|Any CPU
	EndGlobalSection
	GlobalSection(ProjectConfigurationPlatforms) = postSolution
		{86274DF1-3C7A-43BB-96D6-8C16D6522080}.Debug|Any CPU.ActiveCfg = Debug|Any CPU
		{86274DF1-3C7A-43BB-96D6-8C16D6522080}.Debug|Any CPU.Build.0 = Debug|Any CPU
		{86274DF1-3C7A-43BB-96D6-8C16D6522080}.Release|Any CPU.ActiveCfg = Release|Any CPU
		{86274DF1-3C7A-43BB-96D6-8C16D6522080}.Release|Any CPU.Build.0 = Release|Any CPU
	EndGlobalSection
	GlobalSection(SolutionProperties) = preSolution
		HideSolutionNode = FALSE
	EndGlobalSection
	GlobalSection(ExtensibilityGlobals) = postSolution
		SolutionGuid = {30F57964-5C30-4782-BAEB-ED00EC07E239}
	EndGlobalSection
EndGlobal
